
Microsoft Visual Studio Solution File, Format Version 12.00
# Visual Studio Version 16
VisualStudioVersion = 16.0.29306.81
MinimumVisualStudioVersion = 10.0.40219.1
Project("{8BC9CEB8-8B4A-11D0-8D11-00A0C91BC942}") = "HW", "HW\HW.vcxproj", "{B14D7C1C-2671-4EEE-9792-EA1F94340C7B}"
EndProject
Global
	GlobalSection(SolutionConfigurationPlatforms) = preSolution
		Debug|x64 = Debug|x64
		Debug|x86 = Debug|x86
		Release|x64 = Release|x64
		Release|x86 = Release|x86
	EndGlobalSection
	GlobalSection(ProjectConfigurationPlatforms) = postSolution
		{B14D7C1C-2671-4EEE-9792-EA1F94340C7B}.Debug|x64.ActiveCfg = Debug|x64
		{B14D7C1C-2671-4EEE-9792-EA1F94340C7B}.Debug|x64.Build.0 = Debug|x64
		{B14D7C1C-2671-4EEE-9792-EA1F94340C7B}.Debug|x86.ActiveCfg = Debug|Win32
		{B14D7C1C-2671-4EEE-9792-EA1F94340C7B}.Debug|x86.Build.0 = Debug|Win32
		{B14D7C1C-2671-4EEE-9792-EA1F94340C7B}.Release|x64.ActiveCfg = Release|x64
		{B14D7C1C-2671-4EEE-9792-EA1F94340C7B}.Release|x64.Build.0 = Release|x64
		{B14D7C1C-2671-4EEE-9792-EA1F94340C7B}.Release|x86.ActiveCfg = Release|Win32
		{B14D7C1C-2671-4EEE-9792-EA1F94340C7B}.Release|x86.Build.0 = Release|Win32
	EndGlobalSection
	GlobalSection(SolutionProperties) = preSolution
		HideSolutionNode = FALSE
	EndGlobalSection
	GlobalSection(ExtensibilityGlobals) = postSolution
		SolutionGuid = {B1197DF6-51A1-4DB9-BB29-F102BFB8A5A9}
	EndGlobalSection
EndGlobal
